
Microsoft Visual Studio Solution File, Format Version 12.00
# Visual Studio Version 17
VisualStudioVersion = 17.0.31919.166
MinimumVisualStudioVersion = 10.0.40219.1
Project("{FAE04EC0-301F-11D3-BF4B-00C04F79EFBC}") = "Sabzishop", "Sabzishop\Sabzishop.csproj", "{081B5453-D7E3-408E-8DEF-1E6B3C6BAFCF}"
EndProject
Global
	GlobalSection(SolutionConfigurationPlatforms) = preSolution
		Debug|Any CPU = Debug|Any CPU
		Release|Any CPU = Release|Any CPU
	EndGlobalSection
	GlobalSection(ProjectConfigurationPlatforms) = postSolution
		{081B5453-D7E3-408E-8DEF-1E6B3C6BAFCF}.Debug|Any CPU.ActiveCfg = Debug|Any CPU
		{081B5453-D7E3-408E-8DEF-1E6B3C6BAFCF}.Debug|Any CPU.Build.0 = Debug|Any CPU
		{081B5453-D7E3-408E-8DEF-1E6B3C6BAFCF}.Release|Any CPU.ActiveCfg = Release|Any CPU
		{081B5453-D7E3-408E-8DEF-1E6B3C6BAFCF}.Release|Any CPU.Build.0 = Release|Any CPU
	EndGlobalSection
	GlobalSection(SolutionProperties) = preSolution
		HideSolutionNode = FALSE
	EndGlobalSection
	GlobalSection(ExtensibilityGlobals) = postSolution
		SolutionGuid = {D315BF9D-F202-460C-A8BD-8CC4470605B2}
	EndGlobalSection
EndGlobal
